
Microsoft Visual Studio Solution File, Format Version 12.00
# Visual Studio Version 17
VisualStudioVersion = 17.9.34728.123
MinimumVisualStudioVersion = 10.0.40219.1
Project("{9A19103F-16F7-4668-BE54-9A1E7A4F7556}") = "ListDistance", "1\A\ListDistance\ListDistance\ListDistance.csproj", "{24FF2A5F-818B-40F3-B0CB-83523593117E}"
EndProject
Project("{9A19103F-16F7-4668-BE54-9A1E7A4F7556}") = "ListDistanceB", "1\B\ListDistance\ListDistance\ListDistanceB.csproj", "{E088FE72-8DDF-4625-9E5B-FD6FDBA9CED6}"
EndProject
Project("{9A19103F-16F7-4668-BE54-9A1E7A4F7556}") = "SafeReport", "2\A\SafeReport\SafeReport.csproj", "{4A50EF99-B55D-4498-A468-B68273853F5A}"
EndProject
Project("{9A19103F-16F7-4668-BE54-9A1E7A4F7556}") = "SafeReportB", "2\B\SafeReport\SafeReportB.csproj", "{14BBA3F2-9465-4AD8-A393-B631C264A549}"
EndProject
Project("{FAE04EC0-301F-11D3-BF4B-00C04F79EFBC}") = "MullItOver", "3\A\MullItOver\MullItOver.csproj", "{467E90F7-53ED-4DFB-8D28-279DDCFBD33C}"
EndProject
Project("{9A19103F-16F7-4668-BE54-9A1E7A4F7556}") = "MullItOverB", "3\B\MullItOver\MullItOverB.csproj", "{478048ED-CAD5-4BCE-88F3-02249A5D4911}"
EndProject
Project("{FAE04EC0-301F-11D3-BF4B-00C04F79EFBC}") = "Ceres Search", "4\A\Ceres Search\Ceres Search.csproj", "{A4506C19-C837-45E9-BCFD-A8EA7BD5234E}"
EndProject
Project("{9A19103F-16F7-4668-BE54-9A1E7A4F7556}") = "Ceres SearchB", "4\B\Ceres Search\Ceres SearchB.csproj", "{82519CF2-40CF-4459-B3F4-B2894704FF9A}"
EndProject
Project("{FAE04EC0-301F-11D3-BF4B-00C04F79EFBC}") = "Print Queue", "5\A\Print Queue\Print Queue.csproj", "{F08C152D-D52C-46A5-BC0C-4C0ADF432459}"
EndProject
Project("{9A19103F-16F7-4668-BE54-9A1E7A4F7556}") = "Print QueueB", "5\B\Print Queue\Print QueueB.csproj", "{80C85896-BBFC-44B2-A1DB-D0DD21CAB996}"
EndProject
Project("{FAE04EC0-301F-11D3-BF4B-00C04F79EFBC}") = "Guard Gallivant", "6\A\Guard Gallivant\Guard Gallivant.csproj", "{EC886A2F-EA88-45CE-9056-0E813AAD020C}"
EndProject
Global
	GlobalSection(SolutionConfigurationPlatforms) = preSolution
		Debug|Any CPU = Debug|Any CPU
		Release|Any CPU = Release|Any CPU
	EndGlobalSection
	GlobalSection(ProjectConfigurationPlatforms) = postSolution
		{24FF2A5F-818B-40F3-B0CB-83523593117E}.Debug|Any CPU.ActiveCfg = Debug|Any CPU
		{24FF2A5F-818B-40F3-B0CB-83523593117E}.Debug|Any CPU.Build.0 = Debug|Any CPU
		{24FF2A5F-818B-40F3-B0CB-83523593117E}.Release|Any CPU.ActiveCfg = Release|Any CPU
		{24FF2A5F-818B-40F3-B0CB-83523593117E}.Release|Any CPU.Build.0 = Release|Any CPU
		{E088FE72-8DDF-4625-9E5B-FD6FDBA9CED6}.Debug|Any CPU.ActiveCfg = Debug|Any CPU
		{E088FE72-8DDF-4625-9E5B-FD6FDBA9CED6}.Debug|Any CPU.Build.0 = Debug|Any CPU
		{E088FE72-8DDF-4625-9E5B-FD6FDBA9CED6}.Release|Any CPU.ActiveCfg = Release|Any CPU
		{E088FE72-8DDF-4625-9E5B-FD6FDBA9CED6}.Release|Any CPU.Build.0 = Release|Any CPU
		{4A50EF99-B55D-4498-A468-B68273853F5A}.Debug|Any CPU.ActiveCfg = Debug|Any CPU
		{4A50EF99-B55D-4498-A468-B68273853F5A}.Debug|Any CPU.Build.0 = Debug|Any CPU
		{4A50EF99-B55D-4498-A468-B68273853F5A}.Release|Any CPU.ActiveCfg = Release|Any CPU
		{4A50EF99-B55D-4498-A468-B68273853F5A}.Release|Any CPU.Build.0 = Release|Any CPU
		{14BBA3F2-9465-4AD8-A393-B631C264A549}.Debug|Any CPU.ActiveCfg = Debug|Any CPU
		{14BBA3F2-9465-4AD8-A393-B631C264A549}.Debug|Any CPU.Build.0 = Debug|Any CPU
		{14BBA3F2-9465-4AD8-A393-B631C264A549}.Release|Any CPU.ActiveCfg = Release|Any CPU
		{14BBA3F2-9465-4AD8-A393-B631C264A549}.Release|Any CPU.Build.0 = Release|Any CPU
		{467E90F7-53ED-4DFB-8D28-279DDCFBD33C}.Debug|Any CPU.ActiveCfg = Debug|Any CPU
		{467E90F7-53ED-4DFB-8D28-279DDCFBD33C}.Debug|Any CPU.Build.0 = Debug|Any CPU
		{467E90F7-53ED-4DFB-8D28-279DDCFBD33C}.Release|Any CPU.ActiveCfg = Release|Any CPU
		{467E90F7-53ED-4DFB-8D28-279DDCFBD33C}.Release|Any CPU.Build.0 = Release|Any CPU
		{478048ED-CAD5-4BCE-88F3-02249A5D4911}.Debug|Any CPU.ActiveCfg = Debug|Any CPU
		{478048ED-CAD5-4BCE-88F3-02249A5D4911}.Debug|Any CPU.Build.0 = Debug|Any CPU
		{478048ED-CAD5-4BCE-88F3-02249A5D4911}.Release|Any CPU.ActiveCfg = Release|Any CPU
		{478048ED-CAD5-4BCE-88F3-02249A5D4911}.Release|Any CPU.Build.0 = Release|Any CPU
		{A4506C19-C837-45E9-BCFD-A8EA7BD5234E}.Debug|Any CPU.ActiveCfg = Debug|Any CPU
		{A4506C19-C837-45E9-BCFD-A8EA7BD5234E}.Debug|Any CPU.Build.0 = Debug|Any CPU
		{A4506C19-C837-45E9-BCFD-A8EA7BD5234E}.Release|Any CPU.ActiveCfg = Release|Any CPU
		{A4506C19-C837-45E9-BCFD-A8EA7BD5234E}.Release|Any CPU.Build.0 = Release|Any CPU
		{82519CF2-40CF-4459-B3F4-B2894704FF9A}.Debug|Any CPU.ActiveCfg = Debug|Any CPU
		{82519CF2-40CF-4459-B3F4-B2894704FF9A}.Debug|Any CPU.Build.0 = Debug|Any CPU
		{82519CF2-40CF-4459-B3F4-B2894704FF9A}.Release|Any CPU.ActiveCfg = Release|Any CPU
		{82519CF2-40CF-4459-B3F4-B2894704FF9A}.Release|Any CPU.Build.0 = Release|Any CPU
		{F08C152D-D52C-46A5-BC0C-4C0ADF432459}.Debug|Any CPU.ActiveCfg = Debug|Any CPU
		{F08C152D-D52C-46A5-BC0C-4C0ADF432459}.Debug|Any CPU.Build.0 = Debug|Any CPU
		{F08C152D-D52C-46A5-BC0C-4C0ADF432459}.Release|Any CPU.ActiveCfg = Release|Any CPU
		{F08C152D-D52C-46A5-BC0C-4C0ADF432459}.Release|Any CPU.Build.0 = Release|Any CPU
		{80C85896-BBFC-44B2-A1DB-D0DD21CAB996}.Debug|Any CPU.ActiveCfg = Debug|Any CPU
		{80C85896-BBFC-44B2-A1DB-D0DD21CAB996}.Debug|Any CPU.Build.0 = Debug|Any CPU
		{80C85896-BBFC-44B2-A1DB-D0DD21CAB996}.Release|Any CPU.ActiveCfg = Release|Any CPU
		{80C85896-BBFC-44B2-A1DB-D0DD21CAB996}.Release|Any CPU.Build.0 = Release|Any CPU
		{EC886A2F-EA88-45CE-9056-0E813AAD020C}.Debug|Any CPU.ActiveCfg = Debug|Any CPU
		{EC886A2F-EA88-45CE-9056-0E813AAD020C}.Debug|Any CPU.Build.0 = Debug|Any CPU
		{EC886A2F-EA88-45CE-9056-0E813AAD020C}.Release|Any CPU.ActiveCfg = Release|Any CPU
		{EC886A2F-EA88-45CE-9056-0E813AAD020C}.Release|Any CPU.Build.0 = Release|Any CPU
	EndGlobalSection
	GlobalSection(SolutionProperties) = preSolution
		HideSolutionNode = FALSE
	EndGlobalSection
	GlobalSection(ExtensibilityGlobals) = postSolution
		SolutionGuid = {6A10ABDE-F297-41BA-AEE9-7071F246192A}
	EndGlobalSection
EndGlobal
