
Microsoft Visual Studio Solution File, Format Version 12.00
# Visual Studio Version 17
VisualStudioVersion = 17.9.34728.123
MinimumVisualStudioVersion = 10.0.40219.1
Project("{9A19103F-16F7-4668-BE54-9A1E7A4F7556}") = "ListDistance", "1\A\ListDistance\ListDistance\ListDistance.csproj", "{24FF2A5F-818B-40F3-B0CB-83523593117E}"
EndProject
Project("{9A19103F-16F7-4668-BE54-9A1E7A4F7556}") = "ListDistanceB", "1\B\ListDistance\ListDistance\ListDistanceB.csproj", "{E088FE72-8DDF-4625-9E5B-FD6FDBA9CED6}"
EndProject
Project("{9A19103F-16F7-4668-BE54-9A1E7A4F7556}") = "SafeReport", "2\A\SafeReport\SafeReport.csproj", "{4A50EF99-B55D-4498-A468-B68273853F5A}"
EndProject
Project("{9A19103F-16F7-4668-BE54-9A1E7A4F7556}") = "SafeReportB", "2\B\SafeReport\SafeReportB.csproj", "{14BBA3F2-9465-4AD8-A393-B631C264A549}"
EndProject
Project("{9A19103F-16F7-4668-BE54-9A1E7A4F7556}") = "MullItOver", "3\A\MullItOver\MullItOver.csproj", "{467E90F7-53ED-4DFB-8D28-279DDCFBD33C}"
EndProject
Project("{9A19103F-16F7-4668-BE54-9A1E7A4F7556}") = "MullItOverB", "3\B\MullItOver\MullItOverB.csproj", "{478048ED-CAD5-4BCE-88F3-02249A5D4911}"
EndProject
Project("{9A19103F-16F7-4668-BE54-9A1E7A4F7556}") = "Ceres Search", "4\A\Ceres Search\Ceres Search.csproj", "{A4506C19-C837-45E9-BCFD-A8EA7BD5234E}"
EndProject
Project("{9A19103F-16F7-4668-BE54-9A1E7A4F7556}") = "Ceres SearchB", "4\B\Ceres Search\Ceres SearchB.csproj", "{82519CF2-40CF-4459-B3F4-B2894704FF9A}"
EndProject
Project("{9A19103F-16F7-4668-BE54-9A1E7A4F7556}") = "Print Queue", "5\A\Print Queue\Print Queue.csproj", "{F08C152D-D52C-46A5-BC0C-4C0ADF432459}"
EndProject
Project("{9A19103F-16F7-4668-BE54-9A1E7A4F7556}") = "Print QueueB", "5\B\Print Queue\Print QueueB.csproj", "{80C85896-BBFC-44B2-A1DB-D0DD21CAB996}"
EndProject
Project("{9A19103F-16F7-4668-BE54-9A1E7A4F7556}") = "Guard Gallivant", "6\A\Guard Gallivant\Guard Gallivant.csproj", "{EC886A2F-EA88-45CE-9056-0E813AAD020C}"
EndProject
Project("{9A19103F-16F7-4668-BE54-9A1E7A4F7556}") = "Guard GallivantB", "6\B\Guard Gallivant\Guard GallivantB.csproj", "{21D628F6-33B7-4FAE-9855-6FB1F6FD95D2}"
EndProject
Project("{FAE04EC0-301F-11D3-BF4B-00C04F79EFBC}") = "Bridge Repair", "7\A\Bridge Repair\Bridge Repair.csproj", "{0E008C5D-143A-4AD2-902D-9DC5FE3A165A}"
EndProject
Project("{9A19103F-16F7-4668-BE54-9A1E7A4F7556}") = "Bridge RepairB", "7\B\Bridge Repair\Bridge RepairB.csproj", "{4252A522-A1F8-49B6-8A5B-53FCE066BC7A}"
EndProject
Project("{FAE04EC0-301F-11D3-BF4B-00C04F79EFBC}") = "Resonant Collinearity", "8\A\Resonant Collinearity\Resonant Collinearity.csproj", "{A4154CDC-D85B-4952-8818-4C5C5543DF98}"
EndProject
Project("{FAE04EC0-301F-11D3-BF4B-00C04F79EFBC}") = "Disk Fragmenter", "9\A\Disk Fragmenter\Disk Fragmenter.csproj", "{D87F3FF0-FE5D-4FD1-8E42-25196D9D907E}"
EndProject
Project("{9A19103F-16F7-4668-BE54-9A1E7A4F7556}") = "Disk FragmenterB", "9\B\Disk Fragmenter\Disk FragmenterB.csproj", "{9DB2EA24-71BA-445D-96A0-D7BADD89180C}"
EndProject
Project("{FAE04EC0-301F-11D3-BF4B-00C04F79EFBC}") = "Hoof It", "10\A\Hoof It\Hoof It.csproj", "{73674D79-28B2-4FB2-896D-4D13A043A66A}"
EndProject
Project("{9A19103F-16F7-4668-BE54-9A1E7A4F7556}") = "Hoof ItB", "10\B\Hoof It\Hoof ItB.csproj", "{1E6CF2AF-9999-476B-80A4-097AA99BC4FD}"
EndProject
Global
	GlobalSection(SolutionConfigurationPlatforms) = preSolution
		Debug|Any CPU = Debug|Any CPU
		Release|Any CPU = Release|Any CPU
	EndGlobalSection
	GlobalSection(ProjectConfigurationPlatforms) = postSolution
		{24FF2A5F-818B-40F3-B0CB-83523593117E}.Debug|Any CPU.ActiveCfg = Debug|Any CPU
		{24FF2A5F-818B-40F3-B0CB-83523593117E}.Debug|Any CPU.Build.0 = Debug|Any CPU
		{24FF2A5F-818B-40F3-B0CB-83523593117E}.Release|Any CPU.ActiveCfg = Release|Any CPU
		{24FF2A5F-818B-40F3-B0CB-83523593117E}.Release|Any CPU.Build.0 = Release|Any CPU
		{E088FE72-8DDF-4625-9E5B-FD6FDBA9CED6}.Debug|Any CPU.ActiveCfg = Debug|Any CPU
		{E088FE72-8DDF-4625-9E5B-FD6FDBA9CED6}.Debug|Any CPU.Build.0 = Debug|Any CPU
		{E088FE72-8DDF-4625-9E5B-FD6FDBA9CED6}.Release|Any CPU.ActiveCfg = Release|Any CPU
		{E088FE72-8DDF-4625-9E5B-FD6FDBA9CED6}.Release|Any CPU.Build.0 = Release|Any CPU
		{4A50EF99-B55D-4498-A468-B68273853F5A}.Debug|Any CPU.ActiveCfg = Debug|Any CPU
		{4A50EF99-B55D-4498-A468-B68273853F5A}.Debug|Any CPU.Build.0 = Debug|Any CPU
		{4A50EF99-B55D-4498-A468-B68273853F5A}.Release|Any CPU.ActiveCfg = Release|Any CPU
		{4A50EF99-B55D-4498-A468-B68273853F5A}.Release|Any CPU.Build.0 = Release|Any CPU
		{14BBA3F2-9465-4AD8-A393-B631C264A549}.Debug|Any CPU.ActiveCfg = Debug|Any CPU
		{14BBA3F2-9465-4AD8-A393-B631C264A549}.Debug|Any CPU.Build.0 = Debug|Any CPU
		{14BBA3F2-9465-4AD8-A393-B631C264A549}.Release|Any CPU.ActiveCfg = Release|Any CPU
		{14BBA3F2-9465-4AD8-A393-B631C264A549}.Release|Any CPU.Build.0 = Release|Any CPU
		{467E90F7-53ED-4DFB-8D28-279DDCFBD33C}.Debug|Any CPU.ActiveCfg = Debug|Any CPU
		{467E90F7-53ED-4DFB-8D28-279DDCFBD33C}.Debug|Any CPU.Build.0 = Debug|Any CPU
		{467E90F7-53ED-4DFB-8D28-279DDCFBD33C}.Release|Any CPU.ActiveCfg = Release|Any CPU
		{467E90F7-53ED-4DFB-8D28-279DDCFBD33C}.Release|Any CPU.Build.0 = Release|Any CPU
		{478048ED-CAD5-4BCE-88F3-02249A5D4911}.Debug|Any CPU.ActiveCfg = Debug|Any CPU
		{478048ED-CAD5-4BCE-88F3-02249A5D4911}.Debug|Any CPU.Build.0 = Debug|Any CPU
		{478048ED-CAD5-4BCE-88F3-02249A5D4911}.Release|Any CPU.ActiveCfg = Release|Any CPU
		{478048ED-CAD5-4BCE-88F3-02249A5D4911}.Release|Any CPU.Build.0 = Release|Any CPU
		{A4506C19-C837-45E9-BCFD-A8EA7BD5234E}.Debug|Any CPU.ActiveCfg = Debug|Any CPU
		{A4506C19-C837-45E9-BCFD-A8EA7BD5234E}.Debug|Any CPU.Build.0 = Debug|Any CPU
		{A4506C19-C837-45E9-BCFD-A8EA7BD5234E}.Release|Any CPU.ActiveCfg = Release|Any CPU
		{A4506C19-C837-45E9-BCFD-A8EA7BD5234E}.Release|Any CPU.Build.0 = Release|Any CPU
		{82519CF2-40CF-4459-B3F4-B2894704FF9A}.Debug|Any CPU.ActiveCfg = Debug|Any CPU
		{82519CF2-40CF-4459-B3F4-B2894704FF9A}.Debug|Any CPU.Build.0 = Debug|Any CPU
		{82519CF2-40CF-4459-B3F4-B2894704FF9A}.Release|Any CPU.ActiveCfg = Release|Any CPU
		{82519CF2-40CF-4459-B3F4-B2894704FF9A}.Release|Any CPU.Build.0 = Release|Any CPU
		{F08C152D-D52C-46A5-BC0C-4C0ADF432459}.Debug|Any CPU.ActiveCfg = Debug|Any CPU
		{F08C152D-D52C-46A5-BC0C-4C0ADF432459}.Debug|Any CPU.Build.0 = Debug|Any CPU
		{F08C152D-D52C-46A5-BC0C-4C0ADF432459}.Release|Any CPU.ActiveCfg = Release|Any CPU
		{F08C152D-D52C-46A5-BC0C-4C0ADF432459}.Release|Any CPU.Build.0 = Release|Any CPU
		{80C85896-BBFC-44B2-A1DB-D0DD21CAB996}.Debug|Any CPU.ActiveCfg = Debug|Any CPU
		{80C85896-BBFC-44B2-A1DB-D0DD21CAB996}.Debug|Any CPU.Build.0 = Debug|Any CPU
		{80C85896-BBFC-44B2-A1DB-D0DD21CAB996}.Release|Any CPU.ActiveCfg = Release|Any CPU
		{80C85896-BBFC-44B2-A1DB-D0DD21CAB996}.Release|Any CPU.Build.0 = Release|Any CPU
		{EC886A2F-EA88-45CE-9056-0E813AAD020C}.Debug|Any CPU.ActiveCfg = Debug|Any CPU
		{EC886A2F-EA88-45CE-9056-0E813AAD020C}.Debug|Any CPU.Build.0 = Debug|Any CPU
		{EC886A2F-EA88-45CE-9056-0E813AAD020C}.Release|Any CPU.ActiveCfg = Release|Any CPU
		{EC886A2F-EA88-45CE-9056-0E813AAD020C}.Release|Any CPU.Build.0 = Release|Any CPU
		{21D628F6-33B7-4FAE-9855-6FB1F6FD95D2}.Debug|Any CPU.ActiveCfg = Debug|Any CPU
		{21D628F6-33B7-4FAE-9855-6FB1F6FD95D2}.Debug|Any CPU.Build.0 = Debug|Any CPU
		{21D628F6-33B7-4FAE-9855-6FB1F6FD95D2}.Release|Any CPU.ActiveCfg = Release|Any CPU
		{21D628F6-33B7-4FAE-9855-6FB1F6FD95D2}.Release|Any CPU.Build.0 = Release|Any CPU
		{0E008C5D-143A-4AD2-902D-9DC5FE3A165A}.Debug|Any CPU.ActiveCfg = Debug|Any CPU
		{0E008C5D-143A-4AD2-902D-9DC5FE3A165A}.Debug|Any CPU.Build.0 = Debug|Any CPU
		{0E008C5D-143A-4AD2-902D-9DC5FE3A165A}.Release|Any CPU.ActiveCfg = Release|Any CPU
		{0E008C5D-143A-4AD2-902D-9DC5FE3A165A}.Release|Any CPU.Build.0 = Release|Any CPU
		{4252A522-A1F8-49B6-8A5B-53FCE066BC7A}.Debug|Any CPU.ActiveCfg = Debug|Any CPU
		{4252A522-A1F8-49B6-8A5B-53FCE066BC7A}.Debug|Any CPU.Build.0 = Debug|Any CPU
		{4252A522-A1F8-49B6-8A5B-53FCE066BC7A}.Release|Any CPU.ActiveCfg = Release|Any CPU
		{4252A522-A1F8-49B6-8A5B-53FCE066BC7A}.Release|Any CPU.Build.0 = Release|Any CPU
		{A4154CDC-D85B-4952-8818-4C5C5543DF98}.Debug|Any CPU.ActiveCfg = Debug|Any CPU
		{A4154CDC-D85B-4952-8818-4C5C5543DF98}.Debug|Any CPU.Build.0 = Debug|Any CPU
		{A4154CDC-D85B-4952-8818-4C5C5543DF98}.Release|Any CPU.ActiveCfg = Release|Any CPU
		{A4154CDC-D85B-4952-8818-4C5C5543DF98}.Release|Any CPU.Build.0 = Release|Any CPU
		{D87F3FF0-FE5D-4FD1-8E42-25196D9D907E}.Debug|Any CPU.ActiveCfg = Debug|Any CPU
		{D87F3FF0-FE5D-4FD1-8E42-25196D9D907E}.Debug|Any CPU.Build.0 = Debug|Any CPU
		{D87F3FF0-FE5D-4FD1-8E42-25196D9D907E}.Release|Any CPU.ActiveCfg = Release|Any CPU
		{D87F3FF0-FE5D-4FD1-8E42-25196D9D907E}.Release|Any CPU.Build.0 = Release|Any CPU
		{9DB2EA24-71BA-445D-96A0-D7BADD89180C}.Debug|Any CPU.ActiveCfg = Debug|Any CPU
		{9DB2EA24-71BA-445D-96A0-D7BADD89180C}.Debug|Any CPU.Build.0 = Debug|Any CPU
		{9DB2EA24-71BA-445D-96A0-D7BADD89180C}.Release|Any CPU.ActiveCfg = Release|Any CPU
		{9DB2EA24-71BA-445D-96A0-D7BADD89180C}.Release|Any CPU.Build.0 = Release|Any CPU
		{73674D79-28B2-4FB2-896D-4D13A043A66A}.Debug|Any CPU.ActiveCfg = Debug|Any CPU
		{73674D79-28B2-4FB2-896D-4D13A043A66A}.Debug|Any CPU.Build.0 = Debug|Any CPU
		{73674D79-28B2-4FB2-896D-4D13A043A66A}.Release|Any CPU.ActiveCfg = Release|Any CPU
		{73674D79-28B2-4FB2-896D-4D13A043A66A}.Release|Any CPU.Build.0 = Release|Any CPU
		{1E6CF2AF-9999-476B-80A4-097AA99BC4FD}.Debug|Any CPU.ActiveCfg = Debug|Any CPU
		{1E6CF2AF-9999-476B-80A4-097AA99BC4FD}.Debug|Any CPU.Build.0 = Debug|Any CPU
		{1E6CF2AF-9999-476B-80A4-097AA99BC4FD}.Release|Any CPU.ActiveCfg = Release|Any CPU
		{1E6CF2AF-9999-476B-80A4-097AA99BC4FD}.Release|Any CPU.Build.0 = Release|Any CPU
	EndGlobalSection
	GlobalSection(SolutionProperties) = preSolution
		HideSolutionNode = FALSE
	EndGlobalSection
	GlobalSection(ExtensibilityGlobals) = postSolution
		SolutionGuid = {6A10ABDE-F297-41BA-AEE9-7071F246192A}
	EndGlobalSection
EndGlobal
